{
    "_meta": {
        "hash": {
            "sha256": "f5e18544997755672b5d02d1105b2cac65560933cdf46001f8e3f3dd7773465b"
        },
        "pipfile-spec": 6,
        "requires": {
            "python_version": "3.6"
        },
        "sources": [
            {
                "name": "pypi",
                "url": "https://pypi.org/simple",
                "verify_ssl": true
            }
        ]
    },
    "default": {
        "pynput": {
            "hashes": [
                "sha256:6afd47beb438cdc9fa250647b2abd6786b7ef2c7bf9b1ff1e3b7cbb797fa6d7a",
                "sha256:92fdd578407433219e63626fb4f1b415b54de5a9b0a2a8fddcb62b690c37a7b6"
            ],
            "index": "pypi",
            "version": "==1.4.2"
        },
        "six": {
            "hashes": [
                "sha256:3350809f0555b11f552448330d0b52d5f24c91a322ea4a15ef22629740f3761c",
                "sha256:d16a0141ec1a18405cd4ce8b4613101da75da0e9a7aec5bdd4fa804d0e0eba73"
            ],
            "version": "==1.12.0"
        }
    },
    "develop": {}
}
